<?xml version="1.0" encoding="utf-8"?>
<Project ToolsVersion="4.0" xmlns="http://schemas.microsoft.com/developer/msbuild/2003">
  <ItemGroup>
    <ClInclude Include="pch.h" />
    <ClInclude Include="android_native_app_glue.h" />
    <ClInclude Include="core\Texture.h">
      <Filter>core</Filter>
    </ClInclude>
    <ClInclude Include="core\Renderer.h">
      <Filter>core</Filter>
    </ClInclude>
    <ClInclude Include="core\vec.h">
      <Filter>core</Filter>
    </ClInclude>
    <ClInclude Include="core\Shader.h">
      <Filter>core</Filter>
    </ClInclude>
    <ClInclude Include="core\Program.h">
      <Filter>core</Filter>
    </ClInclude>
  </ItemGroup>
  <ItemGroup>
    <ClCompile Include="android_native_app_glue.c" />
    <ClCompile Include="main.cpp" />
    <ClCompile Include="core\Texture.cpp">
      <Filter>core</Filter>
    </ClCompile>
    <ClCompile Include="core\vec.cpp">
      <Filter>core</Filter>
    </ClCompile>
    <ClCompile Include="core\Shader.cpp">
      <Filter>core</Filter>
    </ClCompile>
    <ClCompile Include="core\Program.cpp">
      <Filter>core</Filter>
    </ClCompile>
  </ItemGroup>
  <ItemGroup>
    <Filter Include="core">
      <UniqueIdentifier>{7be48e88-629a-42ac-85ff-e5fd55aef046}</UniqueIdentifier>
    </Filter>
  </ItemGroup>
</Project>