<?xml version="1.0" encoding="utf-8"?>
<Project ToolsVersion="4.0" xmlns="http://schemas.microsoft.com/developer/msbuild/2003">
  <ItemGroup>
    <ClInclude Include="pch.h" />
    <ClInclude Include="android_native_app_glue.h" />
    <ClInclude Include="core\vec.h">
      <Filter>core</Filter>
    </ClInclude>
    <ClInclude Include="core\Program.h">
      <Filter>core\Graphic</Filter>
    </ClInclude>
    <ClInclude Include="core\Shader.h">
      <Filter>core\Graphic</Filter>
    </ClInclude>
    <ClInclude Include="core\Renderer.h">
      <Filter>core\Graphic</Filter>
    </ClInclude>
    <ClInclude Include="core\Texture2D.h">
      <Filter>core\Graphic</Filter>
    </ClInclude>
    <ClInclude Include="core\Material.h">
      <Filter>core\Graphic</Filter>
    </ClInclude>
    <ClInclude Include="core\Billboard.h">
      <Filter>core\Graphic</Filter>
    </ClInclude>
    <ClInclude Include="core\Position2D.h">
      <Filter>core</Filter>
    </ClInclude>
    <ClInclude Include="core\Timer.h">
      <Filter>core</Filter>
    </ClInclude>
    <ClInclude Include="core\Clock.h">
      <Filter>core</Filter>
    </ClInclude>
    <ClInclude Include="utils\rapidxml_wrapper.h">
      <Filter>core\Utils</Filter>
    </ClInclude>
    <ClInclude Include="utils\rapidxml\rapidxml.hpp">
      <Filter>core\Utils\rapidxml</Filter>
    </ClInclude>
    <ClInclude Include="utils\rapidxml\rapidxml_iterators.hpp">
      <Filter>core\Utils\rapidxml</Filter>
    </ClInclude>
    <ClInclude Include="utils\rapidxml\rapidxml_print.hpp">
      <Filter>core\Utils\rapidxml</Filter>
    </ClInclude>
    <ClInclude Include="utils\rapidxml\rapidxml_utils.hpp">
      <Filter>core\Utils\rapidxml</Filter>
    </ClInclude>
    <ClInclude Include="Variant.h">
      <Filter>core\Utils</Filter>
    </ClInclude>
  </ItemGroup>
  <ItemGroup>
    <ClCompile Include="android_native_app_glue.c" />
    <ClCompile Include="main.cpp" />
    <ClCompile Include="core\vec.cpp">
      <Filter>core</Filter>
    </ClCompile>
    <ClCompile Include="core\Program.cpp">
      <Filter>core\Graphic</Filter>
    </ClCompile>
    <ClCompile Include="core\Shader.cpp">
      <Filter>core\Graphic</Filter>
    </ClCompile>
    <ClCompile Include="core\Texture2D.cpp">
      <Filter>core\Graphic</Filter>
    </ClCompile>
    <ClCompile Include="core\Clock.cpp">
      <Filter>core</Filter>
    </ClCompile>
    <ClCompile Include="core\Timer.cpp">
      <Filter>core</Filter>
    </ClCompile>
    <ClCompile Include="utils\rapidxml_wrapper.cpp">
      <Filter>core\Utils</Filter>
    </ClCompile>
  </ItemGroup>
  <ItemGroup>
    <Filter Include="core">
      <UniqueIdentifier>{7be48e88-629a-42ac-85ff-e5fd55aef046}</UniqueIdentifier>
    </Filter>
    <Filter Include="core\Graphic">
      <UniqueIdentifier>{be59e654-b1df-4839-ac55-3c653131d69f}</UniqueIdentifier>
    </Filter>
    <Filter Include="core\Utils">
      <UniqueIdentifier>{c9204207-755d-48ff-b210-ee4879a20e1e}</UniqueIdentifier>
    </Filter>
    <Filter Include="core\Utils\rapidxml">
      <UniqueIdentifier>{3993b293-8449-4efb-8d84-b04c9063c11f}</UniqueIdentifier>
    </Filter>
  </ItemGroup>
</Project>