<?xml version="1.0" encoding="utf-8"?>
<Project ToolsVersion="4.0" xmlns="http://schemas.microsoft.com/developer/msbuild/2003">
  <ItemGroup>
    <ClInclude Include="pch.h" />
    <ClInclude Include="android_native_app_glue.h" />
    <ClInclude Include="core\vec.h">
      <Filter>core</Filter>
    </ClInclude>
    <ClInclude Include="core\Program.h">
      <Filter>core\Graphic</Filter>
    </ClInclude>
    <ClInclude Include="core\Shader.h">
      <Filter>core\Graphic</Filter>
    </ClInclude>
    <ClInclude Include="core\Texture2D.h">
      <Filter>core\Graphic</Filter>
    </ClInclude>
    <ClInclude Include="core\Material.h">
      <Filter>core\Graphic</Filter>
    </ClInclude>
    <ClInclude Include="core\Billboard.h">
      <Filter>core\Graphic</Filter>
    </ClInclude>
    <ClInclude Include="core\Position2D.h">
      <Filter>core</Filter>
    </ClInclude>
    <ClInclude Include="core\Timer.h">
      <Filter>core</Filter>
    </ClInclude>
    <ClInclude Include="core\Clock.h">
      <Filter>core</Filter>
    </ClInclude>
    <ClInclude Include="utils\rapidxml_wrapper.h">
      <Filter>core\utils</Filter>
    </ClInclude>
    <ClInclude Include="utils\rapidxml\rapidxml.hpp">
      <Filter>core\utils\rapidxml</Filter>
    </ClInclude>
    <ClInclude Include="utils\rapidxml\rapidxml_iterators.hpp">
      <Filter>core\utils\rapidxml</Filter>
    </ClInclude>
    <ClInclude Include="utils\rapidxml\rapidxml_print.hpp">
      <Filter>core\utils\rapidxml</Filter>
    </ClInclude>
    <ClInclude Include="utils\rapidxml\rapidxml_utils.hpp">
      <Filter>core\utils\rapidxml</Filter>
    </ClInclude>
    <ClInclude Include="core\RenderChunk2D.h">
      <Filter>core\Graphic</Filter>
    </ClInclude>
    <ClInclude Include="core\DataProviders\AAssetDataProvider.h">
      <Filter>core\DataProviders</Filter>
    </ClInclude>
    <ClInclude Include="core\DataProviders\AssetDataStruct.h">
      <Filter>core\DataProviders</Filter>
    </ClInclude>
    <ClInclude Include="core\DataProviders\IDataProvider.h">
      <Filter>core\DataProviders</Filter>
    </ClInclude>
    <ClInclude Include="core\VideoDriver.h">
      <Filter>core\Graphic</Filter>
    </ClInclude>
    <ClInclude Include="core\ActivityHandler.h">
      <Filter>core\Interfaces</Filter>
    </ClInclude>
    <ClInclude Include="core\InputHandler.h">
      <Filter>core\Interfaces</Filter>
    </ClInclude>
    <ClInclude Include="core\EventLoop.h">
      <Filter>core</Filter>
    </ClInclude>
    <ClInclude Include="core\InputManager.h">
      <Filter>core</Filter>
    </ClInclude>
    <ClInclude Include="core\TouchInputControl.h">
      <Filter>core\Interfaces</Filter>
    </ClInclude>
    <ClInclude Include="core\BoundingFigure.h">
      <Filter>core\BoundingFigures</Filter>
    </ClInclude>
    <ClInclude Include="core\Exceptions.h">
      <Filter>core</Filter>
    </ClInclude>
    <ClInclude Include="core\BoundingFigureHelpers.h">
      <Filter>core\BoundingFigures</Filter>
    </ClInclude>
    <ClInclude Include="core\BoundingRectangle.h">
      <Filter>core\BoundingFigures</Filter>
    </ClInclude>
    <ClInclude Include="core\BoundingCircle.h">
      <Filter>core\BoundingFigures</Filter>
    </ClInclude>
    <ClInclude Include="core\BoundingCompound.h">
      <Filter>core\BoundingFigures</Filter>
    </ClInclude>
    <ClInclude Include="core\TouchControl.h">
      <Filter>core</Filter>
    </ClInclude>
    <ClInclude Include="core\ScreenInformation.h">
      <Filter>core</Filter>
    </ClInclude>
    <ClInclude Include="core\TVector.h">
      <Filter>core\utils</Filter>
    </ClInclude>
    <ClInclude Include="core\HelperFunc.h">
      <Filter>core\utils</Filter>
    </ClInclude>
  </ItemGroup>
  <ItemGroup>
    <ClCompile Include="android_native_app_glue.c" />
    <ClCompile Include="main.cpp" />
    <ClCompile Include="core\vec.cpp">
      <Filter>core</Filter>
    </ClCompile>
    <ClCompile Include="core\Program.cpp">
      <Filter>core\Graphic</Filter>
    </ClCompile>
    <ClCompile Include="core\Shader.cpp">
      <Filter>core\Graphic</Filter>
    </ClCompile>
    <ClCompile Include="core\Texture2D.cpp">
      <Filter>core\Graphic</Filter>
    </ClCompile>
    <ClCompile Include="core\Clock.cpp">
      <Filter>core</Filter>
    </ClCompile>
    <ClCompile Include="core\Timer.cpp">
      <Filter>core</Filter>
    </ClCompile>
    <ClCompile Include="utils\rapidxml_wrapper.cpp">
      <Filter>core\utils</Filter>
    </ClCompile>
    <ClCompile Include="core\DataProviders\AAssetDataProvider.cpp">
      <Filter>core\DataProviders</Filter>
    </ClCompile>
    <ClCompile Include="core\DataProviders\AssetDataStruct.cpp">
      <Filter>core\DataProviders</Filter>
    </ClCompile>
    <ClCompile Include="core\VideoDriver.cpp">
      <Filter>core\Graphic</Filter>
    </ClCompile>
    <ClCompile Include="core\Material.cpp">
      <Filter>core\Graphic</Filter>
    </ClCompile>
    <ClCompile Include="core\BoundingFigureHelpers.cpp">
      <Filter>core\BoundingFigures</Filter>
    </ClCompile>
    <ClCompile Include="core\BoundingRectangle.cpp">
      <Filter>core\BoundingFigures</Filter>
    </ClCompile>
    <ClCompile Include="core\BoundingCircle.cpp">
      <Filter>core\BoundingFigures</Filter>
    </ClCompile>
    <ClCompile Include="core\BoundingCompound.cpp">
      <Filter>core\BoundingFigures</Filter>
    </ClCompile>
  </ItemGroup>
  <ItemGroup>
    <Filter Include="core">
      <UniqueIdentifier>{7be48e88-629a-42ac-85ff-e5fd55aef046}</UniqueIdentifier>
    </Filter>
    <Filter Include="core\Graphic">
      <UniqueIdentifier>{be59e654-b1df-4839-ac55-3c653131d69f}</UniqueIdentifier>
    </Filter>
    <Filter Include="core\DataProviders">
      <UniqueIdentifier>{5564a4b5-4868-4d00-8189-14022863d894}</UniqueIdentifier>
    </Filter>
    <Filter Include="core\utils">
      <UniqueIdentifier>{c9204207-755d-48ff-b210-ee4879a20e1e}</UniqueIdentifier>
    </Filter>
    <Filter Include="core\utils\rapidxml">
      <UniqueIdentifier>{3993b293-8449-4efb-8d84-b04c9063c11f}</UniqueIdentifier>
    </Filter>
    <Filter Include="core\Interfaces">
      <UniqueIdentifier>{3b237feb-3ce4-4fd7-9b66-b3752edf718c}</UniqueIdentifier>
    </Filter>
    <Filter Include="core\BoundingFigures">
      <UniqueIdentifier>{7ae9c135-0d53-4c45-b353-ade1b89c6851}</UniqueIdentifier>
    </Filter>
  </ItemGroup>
</Project>